lockfileVersion: 5.4

specifiers:
  '@faaskit/core': workspace:~1.1.0
  '@types/aws-lambda': ^8.10.108
  '@types/mockdate': ^3.0.0
  '@types/uuid': ^8.3.4
  ajv: ^8.11.0
  json-schema-to-ts: ^2.5.5
  mockdate: ^3.0.5
  rimraf: ^3.0.2

dependencies:
  '@faaskit/core': link:../core
  ajv: 8.11.0
  json-schema-to-ts: 2.5.5

devDependencies:
  '@types/aws-lambda': 8.10.108
  '@types/mockdate': 3.0.0
  '@types/uuid': 8.3.4
  mockdate: 3.0.5
  rimraf: 3.0.2

packages:

  /@types/aws-lambda/8.10.108:
    resolution: {integrity: sha512-1yh1W1WoqK3lGHy+V/Fi55zobxrDHUUsluCWdMlOXkCvtsCmHPXOG+CQ2STIL4B1g6xi6I6XzxaF8V9+zeIFLA==}
    dev: true

  /@types/json-schema/7.0.11:
    resolution: {integrity: sha512-wOuvG1SN4Us4rez+tylwwwCV1psiNVOkJeM3AUWUNWg/jDQY2+HE/444y5gc+jBmRqASOm2Oeh5c1axHobwRKQ==}
    dev: false

  /@types/mockdate/3.0.0:
    resolution: {integrity: sha512-p2mDrXSBlcpz1JFRTzeF12g4yGpHgh8HKoOWUw6gE/+W/s+oXPfip/n1Z+qLyE7wU1NSWCslexEEd1FAlNCWPQ==}
    deprecated: This is a stub types definition. mockdate provides its own type definitions, so you do not need this installed.
    dependencies:
      mockdate: 3.0.5
    dev: true

  /@types/uuid/8.3.4:
    resolution: {integrity: sha512-c/I8ZRb51j+pYGAu5CrFMRxqZ2ke4y2grEBO5AUjgSkSk+qT2Ea+OdWElz/OiMf5MNpn2b17kuVBwZLQJXzihw==}
    dev: true

  /ajv/8.11.0:
    resolution: {integrity: sha512-wGgprdCvMalC0BztXvitD2hC04YffAvtsUn93JbGXYLAtCUO4xd17mCCZQxUOItiBwZvJScWo8NIvQMQ71rdpg==}
    dependencies:
      fast-deep-equal: 3.1.3
      json-schema-traverse: 1.0.0
      require-from-string: 2.0.2
      uri-js: 4.4.1
    dev: false

  /balanced-match/1.0.2:
    resolution: {integrity: sha512-3oSeUO0TMV67hN1AmbXsK4yaqU7tjiHlbxRDZOpH0KW9+CeX4bRAaX0Anxt0tx2MrpRpWwQaPwIlISEJhYU5Pw==}
    dev: true

  /brace-expansion/1.1.11:
    resolution: {integrity: sha512-iCuPHDFgrHX7H2vEI/5xpz07zSHB00TpugqhmYtVmMO6518mCuRMoOYFldEBl0g187ufozdaHgWKcYFb61qGiA==}
    dependencies:
      balanced-match: 1.0.2
      concat-map: 0.0.1
    dev: true

  /concat-map/0.0.1:
    resolution: {integrity: sha512-/Srv4dswyQNBfohGpz9o6Yb3Gz3SrUDqBH5rTuhGR7ahtlbYKnVxw2bCFMRljaA7EXHaXZ8wsHdodFvbkhKmqg==}
    dev: true

  /fast-deep-equal/3.1.3:
    resolution: {integrity: sha512-f3qQ9oQy9j2AhBe/H9VC91wLmKBCCU/gDOnKNAYG5hswO7BLKj09Hc5HYNz9cGI++xlpDCIgDaitVs03ATR84Q==}
    dev: false

  /fs.realpath/1.0.0:
    resolution: {integrity: sha512-OO0pH2lK6a0hZnAdau5ItzHPI6pUlvI7jMVnxUQRtw4owF2wk8lOSabtGDCTP4Ggrg2MbGnWO9X8K1t4+fGMDw==}
    dev: true

  /glob/7.2.3:
    resolution: {integrity: sha512-nFR0zLpU2YCaRxwoCJvL6UvCH2JFyFVIvwTLsIf21AuHlMskA1hhTdk+LlYJtOlYt9v6dvszD2BGRqBL+iQK9Q==}
    dependencies:
      fs.realpath: 1.0.0
      inflight: 1.0.6
      inherits: 2.0.4
      minimatch: 3.1.2
      once: 1.4.0
      path-is-absolute: 1.0.1
    dev: true

  /inflight/1.0.6:
    resolution: {integrity: sha512-k92I/b08q4wvFscXCLvqfsHCrjrF7yiXsQuIVvVE7N82W3+aqpzuUdBbfhWcy/FZR3/4IgflMgKLOsvPDrGCJA==}
    dependencies:
      once: 1.4.0
      wrappy: 1.0.2
    dev: true

  /inherits/2.0.4:
    resolution: {integrity: sha512-k/vGaX4/Yla3WzyMCvTQOXYeIHvqOKtnqBduzTHpzpQZzAskKMhZ2K+EnBiSM9zGSoIFeMpXKxa4dYeZIQqewQ==}
    dev: true

  /json-schema-to-ts/2.5.5:
    resolution: {integrity: sha512-GFD5t0fUnX/B0gE9xbHjxv2BwFXRJND2+OKoLoMElJ3XRJ7dOBlLT7KXpg96aETeZ0RJbAZOfqHALBf5k4aIIA==}
    dependencies:
      '@types/json-schema': 7.0.11
      ts-algebra: 1.1.1
      ts-toolbelt: 9.6.0
    dev: false

  /json-schema-traverse/1.0.0:
    resolution: {integrity: sha512-NM8/P9n3XjXhIZn1lLhkFaACTOURQXjWhV4BA/RnOv8xvgqtqpAX9IO4mRQxSx1Rlo4tqzeqb0sOlruaOy3dug==}
    dev: false

  /minimatch/3.1.2:
    resolution: {integrity: sha512-J7p63hRiAjw1NDEww1W7i37+ByIrOWO5XQQAzZ3VOcL0PNybwpfmV/N05zFAzwQ9USyEcX6t3UO+K5aqBQOIHw==}
    dependencies:
      brace-expansion: 1.1.11
    dev: true

  /mockdate/3.0.5:
    resolution: {integrity: sha512-iniQP4rj1FhBdBYS/+eQv7j1tadJ9lJtdzgOpvsOHng/GbcDh2Fhdeq+ZRldrPYdXvCyfFUmFeEwEGXZB5I/AQ==}
    dev: true

  /once/1.4.0:
    resolution: {integrity: sha512-lNaJgI+2Q5URQBkccEKHTQOPaXdUxnZZElQTZY0MFUAuaEqe1E+Nyvgdz/aIyNi6Z9MzO5dv1H8n58/GELp3+w==}
    dependencies:
      wrappy: 1.0.2
    dev: true

  /path-is-absolute/1.0.1:
    resolution: {integrity: sha512-AVbw3UJ2e9bq64vSaS9Am0fje1Pa8pbGqTTsmXfaIiMpnr5DlDhfJOuLj9Sf95ZPVDAUerDfEk88MPmPe7UCQg==}
    engines: {node: '>=0.10.0'}
    dev: true

  /punycode/2.1.1:
    resolution: {integrity: sha512-XRsRjdf+j5ml+y/6GKHPZbrF/8p2Yga0JPtdqTIY2Xe5ohJPD9saDJJLPvp9+NSBprVvevdXZybnj2cv8OEd0A==}
    engines: {node: '>=6'}
    dev: false

  /require-from-string/2.0.2:
    resolution: {integrity: sha512-Xf0nWe6RseziFMu+Ap9biiUbmplq6S9/p+7w7YXP/JBHhrUDDUhwa+vANyubuqfZWTveU//DYVGsDG7RKL/vEw==}
    engines: {node: '>=0.10.0'}
    dev: false

  /rimraf/3.0.2:
    resolution: {integrity: sha512-JZkJMZkAGFFPP2YqXZXPbMlMBgsxzE8ILs4lMIX/2o0L9UBw9O/Y3o6wFw/i9YLapcUJWwqbi3kdxIPdC62TIA==}
    hasBin: true
    dependencies:
      glob: 7.2.3
    dev: true

  /ts-algebra/1.1.1:
    resolution: {integrity: sha512-W43a3/BN0Tp4SgRNERQF/QPVuY1rnHkgCr/fISLY0Ycu05P0NWPYRuViU8JFn+pFZuY6/zp9TgET1fxMzppR/Q==}
    dependencies:
      ts-toolbelt: 9.6.0
    dev: false

  /ts-toolbelt/9.6.0:
    resolution: {integrity: sha512-nsZd8ZeNUzukXPlJmTBwUAuABDe/9qtVDelJeT/qW0ow3ZS3BsQJtNkan1802aM9Uf68/Y8ljw86Hu0h5IUW3w==}
    dev: false

  /uri-js/4.4.1:
    resolution: {integrity: sha512-7rKUyy33Q1yc98pQ1DAmLtwX109F7TIfWlW1Ydo8Wl1ii1SeHieeh0HHfPeL2fMXK6z0s8ecKs9frCuLJvndBg==}
    dependencies:
      punycode: 2.1.1
    dev: false

  /wrappy/1.0.2:
    resolution: {integrity: sha512-l4Sp/DRseor9wL6EvV2+TuQn63dMkPjZ/sp9XkghTEbV9KlPS1xUsZ3u7/IQO4wxtcFB4bgpQPRcR3QCvezPcQ==}
    dev: true
